// !$*UTF8*$!
{
	archiveVersion = 1;
	classes = {
	};
	objectVersion = 46;
	objects = {

/* Begin PBXBuildFile section */
		6717209A1B9071AB00A42F3D /* AppDelegate.swift in Sources */ = {isa = PBXBuildFile; fileRef = 671720991B9071AB00A42F3D /* AppDelegate.swift */; };
		6717209C1B9071AB00A42F3D /* CustomGridTableViewController.swift in Sources */ = {isa = PBXBuildFile; fileRef = 6717209B1B9071AB00A42F3D /* CustomGridTableViewController.swift */; };
		6717209F1B9071AB00A42F3D /* Main.storyboard in Resources */ = {isa = PBXBuildFile; fileRef = 6717209D1B9071AB00A42F3D /* Main.storyboard */; };
		671720A11B9071AB00A42F3D /* Images.xcassets in Resources */ = {isa = PBXBuildFile; fileRef = 671720A01B9071AB00A42F3D /* Images.xcassets */; };
		671720A41B9071AB00A42F3D /* LaunchScreen.xib in Resources */ = {isa = PBXBuildFile; fileRef = 671720A21B9071AB00A42F3D /* LaunchScreen.xib */; };
		671720B01B9071AB00A42F3D /* DataGridViewTests.swift in Sources */ = {isa = PBXBuildFile; fileRef = 671720AF1B9071AB00A42F3D /* DataGridViewTests.swift */; };
		671720BA1B9071E300A42F3D /* CustomUITableView.swift in Sources */ = {isa = PBXBuildFile; fileRef = 671720B91B9071E300A42F3D /* CustomUITableView.swift */; };
		671CDB341B9190A000D102C4 /* UserDataGrid.swift in Sources */ = {isa = PBXBuildFile; fileRef = 671CDB331B9190A000D102C4 /* UserDataGrid.swift */; };
/* End PBXBuildFile section */

/* Begin PBXContainerItemProxy section */
		671720AA1B9071AB00A42F3D /* PBXContainerItemProxy */ = {
			isa = PBXContainerItemProxy;
			containerPortal = 6717208C1B9071AB00A42F3D /* Project object */;
			proxyType = 1;
			remoteGlobalIDString = 671720931B9071AB00A42F3D;
			remoteInfo = DataGridView;
		};
/* End PBXContainerItemProxy section */

/* Begin PBXFileReference section */
		671720941B9071AB00A42F3D /* DataGridView.app */ = {isa = PBXFileReference; explicitFileType = wrapper.application; includeInIndex = 0; path = DataGridView.app; sourceTree = BUILT_PRODUCTS_DIR; };
		671720981B9071AB00A42F3D /* Info.plist */ = {isa = PBXFileReference; lastKnownFileType = text.plist.xml; path = Info.plist; sourceTree = "<group>"; };
		671720991B9071AB00A42F3D /* AppDelegate.swift */ = {isa = PBXFileReference; lastKnownFileType = sourcecode.swift; path = AppDelegate.swift; sourceTree = "<group>"; };
		6717209B1B9071AB00A42F3D /* CustomGridTableViewController.swift */ = {isa = PBXFileReference; lastKnownFileType = sourcecode.swift; path = CustomGridTableViewController.swift; sourceTree = "<group>"; };
		6717209E1B9071AB00A42F3D /* Base */ = {isa = PBXFileReference; lastKnownFileType = file.storyboard; name = Base; path = Base.lproj/Main.storyboard; sourceTree = "<group>"; };
		671720A01B9071AB00A42F3D /* Images.xcassets */ = {isa = PBXFileReference; lastKnownFileType = folder.assetcatalog; path = Images.xcassets; sourceTree = "<group>"; };
		671720A31B9071AB00A42F3D /* Base */ = {isa = PBXFileReference; lastKnownFileType = file.xib; name = Base; path = Base.lproj/LaunchScreen.xib; sourceTree = "<group>"; };
		671720A91B9071AB00A42F3D /* DataGridViewTests.xctest */ = {isa = PBXFileReference; explicitFileType = wrapper.cfbundle; includeInIndex = 0; path = DataGridViewTests.xctest; sourceTree = BUILT_PRODUCTS_DIR; };
		671720AE1B9071AB00A42F3D /* Info.plist */ = {isa = PBXFileReference; lastKnownFileType = text.plist.xml; path = Info.plist; sourceTree = "<group>"; };
		671720AF1B9071AB00A42F3D /* DataGridViewTests.swift */ = {isa = PBXFileReference; lastKnownFileType = sourcecode.swift; path = DataGridViewTests.swift; sourceTree = "<group>"; };
		671720B91B9071E300A42F3D /* CustomUITableView.swift */ = {isa = PBXFileReference; fileEncoding = 4; lastKnownFileType = sourcecode.swift; path = CustomUITableView.swift; sourceTree = "<group>"; };
		671CDB331B9190A000D102C4 /* UserDataGrid.swift */ = {isa = PBXFileReference; fileEncoding = 4; lastKnownFileType = sourcecode.swift; path = UserDataGrid.swift; sourceTree = "<group>"; };
/* End PBXFileReference section */

/* Begin PBXFrameworksBuildPhase section */
		671720911B9071AB00A42F3D /* Frameworks */ = {
			isa = PBXFrameworksBuildPhase;
			buildActionMask = 2147483647;
			files = (
			);
			runOnlyForDeploymentPostprocessing = 0;
		};
		671720A61B9071AB00A42F3D /* Frameworks */ = {
			isa = PBXFrameworksBuildPhase;
			buildActionMask = 2147483647;
			files = (
			);
			runOnlyForDeploymentPostprocessing = 0;
		};
/* End PBXFrameworksBuildPhase section */

/* Begin PBXGroup section */
		6717208B1B9071AB00A42F3D = {
			isa = PBXGroup;
			children = (
				671720961B9071AB00A42F3D /* DataGridView */,
				671720AC1B9071AB00A42F3D /* DataGridViewTests */,
				671720951B9071AB00A42F3D /* Products */,
			);
			sourceTree = "<group>";
		};
		671720951B9071AB00A42F3D /* Products */ = {
			isa = PBXGroup;
			children = (
				671720941B9071AB00A42F3D /* DataGridView.app */,
				671720A91B9071AB00A42F3D /* DataGridViewTests.xctest */,
			);
			name = Products;
			sourceTree = "<group>";
		};
		671720961B9071AB00A42F3D /* DataGridView */ = {
			isa = PBXGroup;
			children = (
				671720991B9071AB00A42F3D /* AppDelegate.swift */,
				6717209B1B9071AB00A42F3D /* CustomGridTableViewController.swift */,
				6717209D1B9071AB00A42F3D /* Main.storyboard */,
				671720A01B9071AB00A42F3D /* Images.xcassets */,
				671720A21B9071AB00A42F3D /* LaunchScreen.xib */,
				671720971B9071AB00A42F3D /* Supporting Files */,
				671720B91B9071E300A42F3D /* CustomUITableView.swift */,
				671CDB331B9190A000D102C4 /* UserDataGrid.swift */,
			);
			path = DataGridView;
			sourceTree = "<group>";
		};
		671720971B9071AB00A42F3D /* Supporting Files */ = {
			isa = PBXGroup;
			children = (
				671720981B9071AB00A42F3D /* Info.plist */,
			);
			name = "Supporting Files";
			sourceTree = "<group>";
		};
		671720AC1B9071AB00A42F3D /* DataGridViewTests */ = {
			isa = PBXGroup;
			children = (
				671720AF1B9071AB00A42F3D /* DataGridViewTests.swift */,
				671720AD1B9071AB00A42F3D /* Supporting Files */,
			);
			path = DataGridViewTests;
			sourceTree = "<group>";
		};
		671720AD1B9071AB00A42F3D /* Supporting Files */ = {
			isa = PBXGroup;
			children = (
				671720AE1B9071AB00A42F3D /* Info.plist */,
			);
			name = "Supporting Files";
			sourceTree = "<group>";
		};
/* End PBXGroup section */

/* Begin PBXNativeTarget section */
		671720931B9071AB00A42F3D /* DataGridView */ = {
			isa = PBXNativeTarget;
			buildConfigurationList = 671720B31B9071AB00A42F3D /* Build configuration list for PBXNativeTarget "DataGridView" */;
			buildPhases = (
				671720901B9071AB00A42F3D /* Sources */,
				671720911B9071AB00A42F3D /* Frameworks */,
				671720921B9071AB00A42F3D /* Resources */,
			);
			buildRules = (
			);
			dependencies = (
			);
			name = DataGridView;
			productName = DataGridView;
			productReference = 671720941B9071AB00A42F3D /* DataGridView.app */;
			productType = "com.apple.product-type.application";
		};
		671720A81B9071AB00A42F3D /* DataGridViewTests */ = {
			isa = PBXNativeTarget;
			buildConfigurationList = 671720B61B9071AB00A42F3D /* Build configuration list for PBXNativeTarget "DataGridViewTests" */;
			buildPhases = (
				671720A51B9071AB00A42F3D /* Sources */,
				671720A61B9071AB00A42F3D /* Frameworks */,
				671720A71B9071AB00A42F3D /* Resources */,
			);
			buildRules = (
			);
			dependencies = (
				671720AB1B9071AB00A42F3D /* PBXTargetDependency */,
			);
			name = DataGridViewTests;
			productName = DataGridViewTests;
			productReference = 671720A91B9071AB00A42F3D /* DataGridViewTests.xctest */;
			productType = "com.apple.product-type.bundle.unit-test";
		};
/* End PBXNativeTarget section */

/* Begin PBXProject section */
		6717208C1B9071AB00A42F3D /* Project object */ = {
			isa = PBXProject;
			attributes = {
				LastUpgradeCheck = 0630;
				ORGANIZATIONNAME = medikaruno;
				TargetAttributes = {
					671720931B9071AB00A42F3D = {
						CreatedOnToolsVersion = 6.3;
						DevelopmentTeam = 4X367SPM39;
					};
					671720A81B9071AB00A42F3D = {
						CreatedOnToolsVersion = 6.3;
						TestTargetID = 671720931B9071AB00A42F3D;
					};
				};
			};
			buildConfigurationList = 6717208F1B9071AB00A42F3D /* Build configuration list for PBXProject "DataGridView" */;
			compatibilityVersion = "Xcode 3.2";
			developmentRegion = English;
			hasScannedForEncodings = 0;
			knownRegions = (
				en,
				Base,
			);
			mainGroup = 6717208B1B9071AB00A42F3D;
			productRefGroup = 671720951B9071AB00A42F3D /* Products */;
			projectDirPath = "";
			projectRoot = "";
			targets = (
				671720931B9071AB00A42F3D /* DataGridView */,
				671720A81B9071AB00A42F3D /* DataGridViewTests */,
			);
		};
/* End PBXProject section */

/* Begin PBXResourcesBuildPhase section */
		671720921B9071AB00A42F3D /* Resources */ = {
			isa = PBXResourcesBuildPhase;
			buildActionMask = 2147483647;
			files = (
				6717209F1B9071AB00A42F3D /* Main.storyboard in Resources */,
				671720A41B9071AB00A42F3D /* LaunchScreen.xib in Resources */,
				671720A11B9071AB00A42F3D /* Images.xcassets in Resources */,
			);
			runOnlyForDeploymentPostprocessing = 0;
		};
		671720A71B9071AB00A42F3D /* Resources */ = {
			isa = PBXResourcesBuildPhase;
			buildActionMask = 2147483647;
			files = (
			);
			runOnlyForDeploymentPostprocessing = 0;
		};
/* End PBXResourcesBuildPhase section */

/* Begin PBXSourcesBuildPhase section */
		671720901B9071AB00A42F3D /* Sources */ = {
			isa = PBXSourcesBuildPhase;
			buildActionMask = 2147483647;
			files = (
				671CDB341B9190A000D102C4 /* UserDataGrid.swift in Sources */,
				6717209C1B9071AB00A42F3D /* CustomGridTableViewController.swift in Sources */,
				671720BA1B9071E300A42F3D /* CustomUITableView.swift in Sources */,
				6717209A1B9071AB00A42F3D /* AppDelegate.swift in Sources */,
			);
			runOnlyForDeploymentPostprocessing = 0;
		};
		671720A51B9071AB00A42F3D /* Sources */ = {
			isa = PBXSourcesBuildPhase;
			buildActionMask = 2147483647;
			files = (
				671720B01B9071AB00A42F3D /* DataGridViewTests.swift in Sources */,
			);
			runOnlyForDeploymentPostprocessing = 0;
		};
/* End PBXSourcesBuildPhase section */

/* Begin PBXTargetDependency section */
		671720AB1B9071AB00A42F3D /* PBXTargetDependency */ = {
			isa = PBXTargetDependency;
			target = 671720931B9071AB00A42F3D /* DataGridView */;
			targetProxy = 671720AA1B9071AB00A42F3D /* PBXContainerItemProxy */;
		};
/* End PBXTargetDependency section */

/* Begin PBXVariantGroup section */
		6717209D1B9071AB00A42F3D /* Main.storyboard */ = {
			isa = PBXVariantGroup;
			children = (
				6717209E1B9071AB00A42F3D /* Base */,
			);
			name = Main.storyboard;
			sourceTree = "<group>";
		};
		671720A21B9071AB00A42F3D /* LaunchScreen.xib */ = {
			isa = PBXVariantGroup;
			children = (
				671720A31B9071AB00A42F3D /* Base */,
			);
			name = LaunchScreen.xib;
			sourceTree = "<group>";
		};
/* End PBXVariantGroup section */

/* Begin XCBuildConfiguration section */
		671720B11B9071AB00A42F3D /* Debug */ = {
			isa = XCBuildConfiguration;
			buildSettings = {
				ALWAYS_SEARCH_USER_PATHS = NO;
				CLANG_CXX_LANGUAGE_STANDARD = "gnu++0x";
				CLANG_CXX_LIBRARY = "libc++";
				CLANG_ENABLE_MODULES = YES;
				CLANG_ENABLE_OBJC_ARC = YES;
				CLANG_WARN_BOOL_CONVERSION = YES;
				CLANG_WARN_CONSTANT_CONVERSION = YES;
				CLANG_WARN_DIRECT_OBJC_ISA_USAGE = YES_ERROR;
				CLANG_WARN_EMPTY_BODY = YES;
				CLANG_WARN_ENUM_CONVERSION = YES;
				CLANG_WARN_INT_CONVERSION = YES;
				CLANG_WARN_OBJC_ROOT_CLASS = YES_ERROR;
				CLANG_WARN_UNREACHABLE_CODE = YES;
				CLANG_WARN__DUPLICATE_METHOD_MATCH = YES;
				"CODE_SIGN_IDENTITY[sdk=iphoneos*]" = "iPhone Developer";
				COPY_PHASE_STRIP = NO;
				DEBUG_INFORMATION_FORMAT = "dwarf-with-dsym";
				ENABLE_STRICT_OBJC_MSGSEND = YES;
				GCC_C_LANGUAGE_STANDARD = gnu99;
				GCC_DYNAMIC_NO_PIC = NO;
				GCC_NO_COMMON_BLOCKS = YES;
				GCC_OPTIMIZATION_LEVEL = 0;
				GCC_PREPROCESSOR_DEFINITIONS = (
					"DEBUG=1",
					"$(inherited)",
				);
				GCC_SYMBOLS_PRIVATE_EXTERN = NO;
				GCC_WARN_64_TO_32_BIT_CONVERSION = YES;
				GCC_WARN_ABOUT_RETURN_TYPE = YES_ERROR;
				GCC_WARN_UNDECLARED_SELECTOR = YES;
				GCC_WARN_UNINITIALIZED_AUTOS = YES_AGGRESSIVE;
				GCC_WARN_UNUSED_FUNCTION = YES;
				GCC_WARN_UNUSED_VARIABLE = YES;
				IPHONEOS_DEPLOYMENT_TARGET = 8.3;
				MTL_ENABLE_DEBUG_INFO = YES;
				ONLY_ACTIVE_ARCH = YES;
				SDKROOT = iphoneos;
				SWIFT_OPTIMIZATION_LEVEL = "-Onone";
				TARGETED_DEVICE_FAMILY = 2;
			};
			name = Debug;
		};
		671720B21B9071AB00A42F3D /* Release */ = {
			isa = XCBuildConfiguration;
			buildSettings = {
				ALWAYS_SEARCH_USER_PATHS = NO;
				CLANG_CXX_LANGUAGE_STANDARD = "gnu++0x";
				CLANG_CXX_LIBRARY = "libc++";
				CLANG_ENABLE_MODULES = YES;
				CLANG_ENABLE_OBJC_ARC = YES;
				CLANG_WARN_BOOL_CONVERSION = YES;
				CLANG_WARN_CONSTANT_CONVERSION = YES;
				CLANG_WARN_DIRECT_OBJC_ISA_USAGE = YES_ERROR;
				CLANG_WARN_EMPTY_BODY = YES;
				CLANG_WARN_ENUM_CONVERSION = YES;
				CLANG_WARN_INT_CONVERSION = YES;
				CLANG_WARN_OBJC_ROOT_CLASS = YES_ERROR;
				CLANG_WARN_UNREACHABLE_CODE = YES;
				CLANG_WARN__DUPLICATE_METHOD_MATCH = YES;
				"CODE_SIGN_IDENTITY[sdk=iphoneos*]" = "iPhone Developer";
				COPY_PHASE_STRIP = NO;
				DEBUG_INFORMATION_FORMAT = "dwarf-with-dsym";
				ENABLE_NS_ASSERTIONS = NO;
				ENABLE_STRICT_OBJC_MSGSEND = YES;
				GCC_C_LANGUAGE_STANDARD = gnu99;
				GCC_NO_COMMON_BLOCKS = YES;
				GCC_WARN_64_TO_32_BIT_CONVERSION = YES;
				GCC_WARN_ABOUT_RETURN_TYPE = YES_ERROR;
				GCC_WARN_UNDECLARED_SELECTOR = YES;
				GCC_WARN_UNINITIALIZED_AUTOS = YES_AGGRESSIVE;
				GCC_WARN_UNUSED_FUNCTION = YES;
				GCC_WARN_UNUSED_VARIABLE = YES;
				IPHONEOS_DEPLOYMENT_TARGET = 8.3;
				MTL_ENABLE_DEBUG_INFO = NO;
				SDKROOT = iphoneos;
				TARGETED_DEVICE_FAMILY = 2;
				VALIDATE_PRODUCT = YES;
			};
			name = Release;
		};
		671720B41B9071AB00A42F3D /* Debug */ = {
			isa = XCBuildConfiguration;
			buildSettings = {
				ASSETCATALOG_COMPILER_APPICON_NAME = AppIcon;
				CODE_SIGN_IDENTITY = "iPhone Developer";
				"CODE_SIGN_IDENTITY[sdk=iphoneos*]" = "iPhone Developer";
				INFOPLIST_FILE = DataGridView/Info.plist;
				LD_RUNPATH_SEARCH_PATHS = "$(inherited) @executable_path/Frameworks";
				PRODUCT_NAME = "$(TARGET_NAME)";
				PROVISIONING_PROFILE = "";
			};
			name = Debug;
		};
		671720B51B9071AB00A42F3D /* Release */ = {
			isa = XCBuildConfiguration;
			buildSettings = {
				ASSETCATALOG_COMPILER_APPICON_NAME = AppIcon;
				CODE_SIGN_IDENTITY = "iPhone Developer";
				"CODE_SIGN_IDENTITY[sdk=iphoneos*]" = "iPhone Developer";
				INFOPLIST_FILE = DataGridView/Info.plist;
				LD_RUNPATH_SEARCH_PATHS = "$(inherited) @executable_path/Frameworks";
				PRODUCT_NAME = "$(TARGET_NAME)";
				PROVISIONING_PROFILE = "";
			};
			name = Release;
		};
		671720B71B9071AB00A42F3D /* Debug */ = {
			isa = XCBuildConfiguration;
			buildSettings = {
				BUNDLE_LOADER = "$(TEST_HOST)";
				FRAMEWORK_SEARCH_PATHS = (
					"$(SDKROOT)/Developer/Library/Frameworks",
					"$(inherited)",
				);
				GCC_PREPROCESSOR_DEFINITIONS = (
					"DEBUG=1",
					"$(inherited)",
				);
				INFOPLIST_FILE = DataGridViewTests/Info.plist;
				LD_RUNPATH_SEARCH_PATHS = "$(inherited) @executable_path/Frameworks @loader_path/Frameworks";
				PRODUCT_NAME = "$(TARGET_NAME)";
				TEST_HOST = "$(BUILT_PRODUCTS_DIR)/DataGridView.app/DataGridView";
			};
			name = Debug;
		};
		671720B81B9071AB00A42F3D /* Release */ = {
			isa = XCBuildConfiguration;
			buildSettings = {
				BUNDLE_LOADER = "$(TEST_HOST)";
				FRAMEWORK_SEARCH_PATHS = (
					"$(SDKROOT)/Developer/Library/Frameworks",
					"$(inherited)",
				);
				INFOPLIST_FILE = DataGridViewTests/Info.plist;
				LD_RUNPATH_SEARCH_PATHS = "$(inherited) @executable_path/Frameworks @loader_path/Frameworks";
				PRODUCT_NAME = "$(TARGET_NAME)";
				TEST_HOST = "$(BUILT_PRODUCTS_DIR)/DataGridView.app/DataGridView";
			};
			name = Release;
		};
/* End XCBuildConfiguration section */

/* Begin XCConfigurationList section */
		6717208F1B9071AB00A42F3D /* Build configuration list for PBXProject "DataGridView" */ = {
			isa = XCConfigurationList;
			buildConfigurations = (
				671720B11B9071AB00A42F3D /* Debug */,
				671720B21B9071AB00A42F3D /* Release */,
			);
			defaultConfigurationIsVisible = 0;
			defaultConfigurationName = Release;
		};
		671720B31B9071AB00A42F3D /* Build configuration list for PBXNativeTarget "DataGridView" */ = {
			isa = XCConfigurationList;
			buildConfigurations = (
				671720B41B9071AB00A42F3D /* Debug */,
				671720B51B9071AB00A42F3D /* Release */,
			);
			defaultConfigurationIsVisible = 0;
			defaultConfigurationName = Release;
		};
		671720B61B9071AB00A42F3D /* Build configuration list for PBXNativeTarget "DataGridViewTests" */ = {
			isa = XCConfigurationList;
			buildConfigurations = (
				671720B71B9071AB00A42F3D /* Debug */,
				671720B81B9071AB00A42F3D /* Release */,
			);
			defaultConfigurationIsVisible = 0;
			defaultConfigurationName = Release;
		};
/* End XCConfigurationList section */
	};
	rootObject = 6717208C1B9071AB00A42F3D /* Project object */;
}
